# THIS IS AN AUTOGENERATED FILE. DO NOT EDIT THIS FILE DIRECTLY.
# yarn lockfile v1


"@apollo/client@^3.6.9", "@apollo/client@~3.2.5 || ~3.3.0 || ~3.4.0 || ~3.5.0 || ~3.6.0 || ~3.7.0":
  version "3.6.9"
  resolved "https://domoreexp.pkgs.visualstudio.com/_packaging/npm-mirror/npm/registry/@apollo/client/-/client-3.6.9.tgz#ad0ee2e3a3c92dbed4acd6917b6158a492739d94"
  integrity sha1-rQ7i46PJLb7UrNaRe2FYpJJznZQ=
  dependencies:
    "@graphql-typed-document-node/core" "^3.1.1"
    "@wry/context" "^0.6.0"
    "@wry/equality" "^0.5.0"
    "@wry/trie" "^0.3.0"
    graphql-tag "^2.12.6"
    hoist-non-react-statics "^3.3.2"
    optimism "^0.16.1"
    prop-types "^15.7.2"
    symbol-observable "^4.0.0"
    ts-invariant "^0.10.3"
    tslib "^2.3.0"
    zen-observable-ts "^1.2.5"

"@esbuild/android-arm64@0.17.16":
  version "0.17.16"
  resolved "https://domoreexp.pkgs.visualstudio.com/_packaging/npm-mirror/npm/registry/@esbuild/android-arm64/-/android-arm64-0.17.16.tgz#7b18cab5f4d93e878306196eed26b6d960c12576"
  integrity sha1-exjKtfTZPoeDBhlu7Sa22WDBJXY=

"@esbuild/android-arm@0.17.16":
  version "0.17.16"
  resolved "https://domoreexp.pkgs.visualstudio.com/_packaging/npm-mirror/npm/registry/@esbuild/android-arm/-/android-arm-0.17.16.tgz#5c47f6a7c2cada6ed4b4d4e72d8c66e76d812812"
  integrity sha1-XEf2p8LK2m7UtNTnLYxm522BKBI=

"@esbuild/android-x64@0.17.16":
  version "0.17.16"
  resolved "https://domoreexp.pkgs.visualstudio.com/_packaging/npm-mirror/npm/registry/@esbuild/android-x64/-/android-x64-0.17.16.tgz#8686a6e98359071ffd5312046551943e7244c51a"
  integrity sha1-hoam6YNZBx/9UxIEZVGUPnJExRo=

"@esbuild/darwin-arm64@0.17.16":
  version "0.17.16"
  resolved "https://domoreexp.pkgs.visualstudio.com/_packaging/npm-mirror/npm/registry/@esbuild/darwin-arm64/-/darwin-arm64-0.17.16.tgz#aa79fbf447630ca0696a596beba962a775bbf394"
  integrity sha1-qnn79EdjDKBpallr66lip3W785Q=

"@esbuild/darwin-x64@0.17.16":
  version "0.17.16"
  resolved "https://domoreexp.pkgs.visualstudio.com/_packaging/npm-mirror/npm/registry/@esbuild/darwin-x64/-/darwin-x64-0.17.16.tgz#d5d68ee510507104da7e7503224c647c957e163e"
  integrity sha1-1daO5RBQcQTafnUDIkxkfJV+Fj4=

"@esbuild/freebsd-arm64@0.17.16":
  version "0.17.16"
  resolved "https://domoreexp.pkgs.visualstudio.com/_packaging/npm-mirror/npm/registry/@esbuild/freebsd-arm64/-/freebsd-arm64-0.17.16.tgz#b00b4cc8c2e424907cfe3a607384ab24794edd52"
  integrity sha1-sAtMyMLkJJB8/jpgc4SrJHlO3VI=

"@esbuild/freebsd-x64@0.17.16":
  version "0.17.16"
  resolved "https://domoreexp.pkgs.visualstudio.com/_packaging/npm-mirror/npm/registry/@esbuild/freebsd-x64/-/freebsd-x64-0.17.16.tgz#84af4430a07730b50bbc945a90cf7036c1853b76"
  integrity sha1-hK9EMKB3MLULvJRakM9wNsGFO3Y=

"@esbuild/linux-arm64@0.17.16":
  version "0.17.16"
  resolved "https://domoreexp.pkgs.visualstudio.com/_packaging/npm-mirror/npm/registry/@esbuild/linux-arm64/-/linux-arm64-0.17.16.tgz#35571d15de6272c862d9ce6341372fb3cef0f266"
  integrity sha1-NVcdFd5icshi2c5jQTcvs87w8mY=

"@esbuild/linux-arm@0.17.16":
  version "0.17.16"
  resolved "https://domoreexp.pkgs.visualstudio.com/_packaging/npm-mirror/npm/registry/@esbuild/linux-arm/-/linux-arm-0.17.16.tgz#b65c7cd5b0eadd08f91aab66b9dda81b6a4b2a70"
  integrity sha1-tlx81bDq3Qj5Gqtmud2oG2pLKnA=

"@esbuild/linux-ia32@0.17.16":
  version "0.17.16"
  resolved "https://domoreexp.pkgs.visualstudio.com/_packaging/npm-mirror/npm/registry/@esbuild/linux-ia32/-/linux-ia32-0.17.16.tgz#673a68cb251ce44a00a6422ada29064c5a1cd2c0"
  integrity sha1-ZzpoyyUc5EoApkIq2ikGTFoc0sA=

"@esbuild/linux-loong64@0.17.16":
  version "0.17.16"
  resolved "https://domoreexp.pkgs.visualstudio.com/_packaging/npm-mirror/npm/registry/@esbuild/linux-loong64/-/linux-loong64-0.17.16.tgz#477e2da34ab46ffdbf4740fa6441e80045249385"
  integrity sha1-R34to0q0b/2/R0D6ZEHoAEUkk4U=

"@esbuild/linux-mips64el@0.17.16":
  version "0.17.16"
  resolved "https://domoreexp.pkgs.visualstudio.com/_packaging/npm-mirror/npm/registry/@esbuild/linux-mips64el/-/linux-mips64el-0.17.16.tgz#e1e9687bbdaa831d7c34edc9278200982c1a4bf4"
  integrity sha1-4eloe72qgx18NO3JJ4IAmCwaS/Q=

"@esbuild/linux-ppc64@0.17.16":
  version "0.17.16"
  resolved "https://domoreexp.pkgs.visualstudio.com/_packaging/npm-mirror/npm/registry/@esbuild/linux-ppc64/-/linux-ppc64-0.17.16.tgz#2f19075d63622987e86e83a4b7866cd57b796c60"
  integrity sha1-LxkHXWNiKYfoboOkt4Zs1Xt5bGA=

"@esbuild/linux-riscv64@0.17.16":
  version "0.17.16"
  resolved "https://domoreexp.pkgs.visualstudio.com/_packaging/npm-mirror/npm/registry/@esbuild/linux-riscv64/-/linux-riscv64-0.17.16.tgz#bbf40a38f03ba2434fe69b5ceeec5d13c742b329"
  integrity sha1-u/QKOPA7okNP5ptc7uxdE8dCsyk=

"@esbuild/linux-s390x@0.17.16":
  version "0.17.16"
  resolved "https://domoreexp.pkgs.visualstudio.com/_packaging/npm-mirror/npm/registry/@esbuild/linux-s390x/-/linux-s390x-0.17.16.tgz#d2b8c0779ccd2b7917cdf0fab8831a468e0f9c01"
  integrity sha1-0rjAd5zNK3kXzfD6uIMaRo4PnAE=

"@esbuild/linux-x64@0.17.16":
  version "0.17.16"
  resolved "https://domoreexp.pkgs.visualstudio.com/_packaging/npm-mirror/npm/registry/@esbuild/linux-x64/-/linux-x64-0.17.16.tgz#da48b39cfdc1b12a74976625f583f031eac43590"
  integrity sha1-2kiznP3BsSp0l2Yl9YPwMerENZA=

"@esbuild/netbsd-x64@0.17.16":
  version "0.17.16"
  resolved "https://domoreexp.pkgs.visualstudio.com/_packaging/npm-mirror/npm/registry/@esbuild/netbsd-x64/-/netbsd-x64-0.17.16.tgz#ddef985aed37cc81908d2573b66c0299dbc49037"
  integrity sha1-3e+YWu03zIGQjSVztmwCmdvEkDc=

"@esbuild/openbsd-x64@0.17.16":
  version "0.17.16"
  resolved "https://domoreexp.pkgs.visualstudio.com/_packaging/npm-mirror/npm/registry/@esbuild/openbsd-x64/-/openbsd-x64-0.17.16.tgz#85035bf89efd66e9068bc72aa6bb85a2c317d090"
  integrity sha1-hQNb+J79ZukGi8cqpruFosMX0JA=

"@esbuild/sunos-x64@0.17.16":
  version "0.17.16"
  resolved "https://domoreexp.pkgs.visualstudio.com/_packaging/npm-mirror/npm/registry/@esbuild/sunos-x64/-/sunos-x64-0.17.16.tgz#16338ecab854cb2d831cc9ee9cc21ef69566e1f3"
  integrity sha1-FjOOyrhUyy2DHMnunMIe9pVm4fM=

"@esbuild/win32-arm64@0.17.16":
  version "0.17.16"
  resolved "https://domoreexp.pkgs.visualstudio.com/_packaging/npm-mirror/npm/registry/@esbuild/win32-arm64/-/win32-arm64-0.17.16.tgz#423f46bb744aff897a5f74435469e1ef4952e343"
  integrity sha1-Qj9Gu3RK/4l6X3RDVGnh70lS40M=

"@esbuild/win32-ia32@0.17.16":
  version "0.17.16"
  resolved "https://domoreexp.pkgs.visualstudio.com/_packaging/npm-mirror/npm/registry/@esbuild/win32-ia32/-/win32-ia32-0.17.16.tgz#1978be5b192c7063bd2c8d5960eb213e1964740e"
  integrity sha1-GXi+WxkscGO9LI1ZYOshPhlkdA4=

"@esbuild/win32-x64@0.17.16":
  version "0.17.16"
  resolved "https://domoreexp.pkgs.visualstudio.com/_packaging/npm-mirror/npm/registry/@esbuild/win32-x64/-/win32-x64-0.17.16.tgz#260f19b0a3300d22c3a3f52722c671dc561edaa3"
  integrity sha1-Jg8ZsKMwDSLDo/UnIsZx3FYe2qM=

"@graphql-tools/merge@8.4.0":
  version "8.4.0"
  resolved "https://domoreexp.pkgs.visualstudio.com/_packaging/npm-mirror/npm/registry/@graphql-tools/merge/-/merge-8.4.0.tgz#47fbe5c4b6764276dc35bd19c4e7d3c46d3dc0fc"
  integrity sha1-R/vlxLZ2QnbcNb0ZxOfTxG09wPw=
  dependencies:
    "@graphql-tools/utils" "9.2.1"
    tslib "^2.4.0"

"@graphql-tools/mock@^8.7.19":
  version "8.7.19"
  resolved "https://domoreexp.pkgs.visualstudio.com/_packaging/npm-mirror/npm/registry/@graphql-tools/mock/-/mock-8.7.19.tgz#b6c01ecc44074a01d6f472213de5f56fe0a3380c"
  integrity sha1-tsAezEQHSgHW9HIhPeX1b+CjOAw=
  dependencies:
    "@graphql-tools/schema" "9.0.17"
    "@graphql-tools/utils" "9.2.1"
    fast-json-stable-stringify "^2.1.0"
    tslib "^2.4.0"

"@graphql-tools/schema@9.0.17":
  version "9.0.17"
  resolved "https://domoreexp.pkgs.visualstudio.com/_packaging/npm-mirror/npm/registry/@graphql-tools/schema/-/schema-9.0.17.tgz#d731e9899465f88d5b9bf69e607ec465bb88b062"
  integrity sha1-1zHpiZRl+I1bm/aeYH7EZbuIsGI=
  dependencies:
    "@graphql-tools/merge" "8.4.0"
    "@graphql-tools/utils" "9.2.1"
    tslib "^2.4.0"
    value-or-promise "1.0.12"

"@graphql-tools/utils@9.2.1":
  version "9.2.1"
  resolved "https://domoreexp.pkgs.visualstudio.com/_packaging/npm-mirror/npm/registry/@graphql-tools/utils/-/utils-9.2.1.tgz#1b3df0ef166cfa3eae706e3518b17d5922721c57"
  integrity sha1-Gz3w7xZs+j6ucG41GLF9WSJyHFc=
  dependencies:
    "@graphql-typed-document-node/core" "^3.1.1"
    tslib "^2.4.0"

"@graphql-typed-document-node/core@^3.1.1":
  version "3.2.0"
  resolved "https://domoreexp.pkgs.visualstudio.com/_packaging/npm-mirror/npm/registry/@graphql-typed-document-node/core/-/core-3.2.0.tgz#5f3d96ec6b2354ad6d8a28bf216a1d97b5426861"
  integrity sha1-Xz2W7GsjVK1tiii/IWodl7VCaGE=

"@swc/core-darwin-arm64@1.3.49":
  version "1.3.49"
  resolved "https://domoreexp.pkgs.visualstudio.com/_packaging/npm-mirror/npm/registry/@swc/core-darwin-arm64/-/core-darwin-arm64-1.3.49.tgz#bc52c5caff6e0ea04f5ed457ccd7904128632524"
  integrity sha1-vFLFyv9uDqBPXtRXzNeQQShjJSQ=

"@swc/core-darwin-x64@1.3.49":
  version "1.3.49"
  resolved "https://domoreexp.pkgs.visualstudio.com/_packaging/npm-mirror/npm/registry/@swc/core-darwin-x64/-/core-darwin-x64-1.3.49.tgz#d1da85440380bdf62b3cf273ad29be5575cd02d6"
  integrity sha1-0dqFRAOAvfYrPPJzrSm+VXXNAtY=

"@swc/core-linux-arm-gnueabihf@1.3.49":
  version "1.3.49"
  resolved "https://domoreexp.pkgs.visualstudio.com/_packaging/npm-mirror/npm/registry/@swc/core-linux-arm-gnueabihf/-/core-linux-arm-gnueabihf-1.3.49.tgz#d193089e02211dc7a11bff0a60ef098f7c487a26"
  integrity sha1-0ZMIngIhHcehG/8KYO8Jj3xIeiY=

"@swc/core-linux-arm64-gnu@1.3.49":
  version "1.3.49"
  resolved "https://domoreexp.pkgs.visualstudio.com/_packaging/npm-mirror/npm/registry/@swc/core-linux-arm64-gnu/-/core-linux-arm64-gnu-1.3.49.tgz#c45102a93b8d7e67617f2d488549ad8d2bb26f73"
  integrity sha1-xFECqTuNfmdhfy1IhUmtjSuyb3M=

"@swc/core-linux-arm64-musl@1.3.49":
  version "1.3.49"
  resolved "https://domoreexp.pkgs.visualstudio.com/_packaging/npm-mirror/npm/registry/@swc/core-linux-arm64-musl/-/core-linux-arm64-musl-1.3.49.tgz#391f20ff83b7195a2a1601e6cdb191e1b4fc112d"
  integrity sha1-OR8g/4O3GVoqFgHmzbGR4bT8ES0=

"@swc/core-linux-x64-gnu@1.3.49":
  version "1.3.49"
  resolved "https://domoreexp.pkgs.visualstudio.com/_packaging/npm-mirror/npm/registry/@swc/core-linux-x64-gnu/-/core-linux-x64-gnu-1.3.49.tgz#36c7a165a0bbb763eaf7186eebd759731cb058d2"
  integrity sha1-NsehZaC7t2Pq9xhu69dZcxywWNI=

"@swc/core-linux-x64-musl@1.3.49":
  version "1.3.49"
  resolved "https://domoreexp.pkgs.visualstudio.com/_packaging/npm-mirror/npm/registry/@swc/core-linux-x64-musl/-/core-linux-x64-musl-1.3.49.tgz#6b9f85b45f116aaf909ed9ee8fe2d19e19fca8fb"
  integrity sha1-a5+FtF8Raq+Qntnuj+LRnhn8qPs=

"@swc/core-win32-arm64-msvc@1.3.49":
  version "1.3.49"
  resolved "https://domoreexp.pkgs.visualstudio.com/_packaging/npm-mirror/npm/registry/@swc/core-win32-arm64-msvc/-/core-win32-arm64-msvc-1.3.49.tgz#f75c69cf5804543b74846b251dec3729466d691a"
  integrity sha1-91xpz1gEVDt0hGslHew3KUZtaRo=

"@swc/core-win32-ia32-msvc@1.3.49":
  version "1.3.49"
  resolved "https://domoreexp.pkgs.visualstudio.com/_packaging/npm-mirror/npm/registry/@swc/core-win32-ia32-msvc/-/core-win32-ia32-msvc-1.3.49.tgz#8fea171ef5fdc6983174560f0f72a30f6da0b6ba"
  integrity sha1-j+oXHvX9xpgxdFYPD3KjD22gtro=

"@swc/core-win32-x64-msvc@1.3.49":
  version "1.3.49"
  resolved "https://domoreexp.pkgs.visualstudio.com/_packaging/npm-mirror/npm/registry/@swc/core-win32-x64-msvc/-/core-win32-x64-msvc-1.3.49.tgz#e5a4a3370bb55aac36e19d61ef43af6dcfe76c09"
  integrity sha1-5aSjNwu1Wqw24Z1h70Ovbc/nbAk=

"@swc/core@^1.3.42":
  version "1.3.49"
  resolved "https://domoreexp.pkgs.visualstudio.com/_packaging/npm-mirror/npm/registry/@swc/core/-/core-1.3.49.tgz#98268739aaa998403669a563062c89fa30e9b39e"
  integrity sha1-mCaHOaqpmEA2aaVjBiyJ+jDps54=
  optionalDependencies:
    "@swc/core-darwin-arm64" "1.3.49"
    "@swc/core-darwin-x64" "1.3.49"
    "@swc/core-linux-arm-gnueabihf" "1.3.49"
    "@swc/core-linux-arm64-gnu" "1.3.49"
    "@swc/core-linux-arm64-musl" "1.3.49"
    "@swc/core-linux-x64-gnu" "1.3.49"
    "@swc/core-linux-x64-musl" "1.3.49"
    "@swc/core-win32-arm64-msvc" "1.3.49"
    "@swc/core-win32-ia32-msvc" "1.3.49"
    "@swc/core-win32-x64-msvc" "1.3.49"

"@types/prop-types@*":
  version "15.7.5"
  resolved "https://domoreexp.pkgs.visualstudio.com/_packaging/npm-mirror/npm/registry/@types/prop-types/-/prop-types-15.7.5.tgz#5f19d2b85a98e9558036f6a3cacc8819420f05cf"
  integrity sha1-XxnSuFqY6VWANvajysyIGUIPBc8=

"@types/react-dom@^18.0.11":
  version "18.0.11"
  resolved "https://domoreexp.pkgs.visualstudio.com/_packaging/npm-mirror/npm/registry/@types/react-dom/-/react-dom-18.0.11.tgz#321351c1459bc9ca3d216aefc8a167beec334e33"
  integrity sha1-MhNRwUWbyco9IWrvyKFnvuwzTjM=
  dependencies:
    "@types/react" "*"

"@types/react@*", "@types/react@^18.0.28":
  version "18.0.35"
  resolved "https://domoreexp.pkgs.visualstudio.com/_packaging/npm-mirror/npm/registry/@types/react/-/react-18.0.35.tgz#192061cb1044fe01f2d3a94272cd35dd50502741"
  integrity sha1-GSBhyxBE/gHy06lCcs013VBQJ0E=
  dependencies:
    "@types/prop-types" "*"
    "@types/scheduler" "*"
    csstype "^3.0.2"

"@types/scheduler@*":
  version "0.16.3"
  resolved "https://domoreexp.pkgs.visualstudio.com/_packaging/npm-mirror/npm/registry/@types/scheduler/-/scheduler-0.16.3.tgz#cef09e3ec9af1d63d2a6cc5b383a737e24e6dcf5"
  integrity sha1-zvCePsmvHWPSpsxbODpzfiTm3PU=

"@vitejs/plugin-react-swc@^3.0.0":
  version "3.3.0"
  resolved "https://domoreexp.pkgs.visualstudio.com/_packaging/npm-mirror/npm/registry/@vitejs/plugin-react-swc/-/plugin-react-swc-3.3.0.tgz#d443a4bbb423542c5a089c65a58dca597170c549"
  integrity sha1-1EOku7QjVCxaCJxlpY3KWXFwxUk=
  dependencies:
    "@swc/core" "^1.3.42"

"@wry/context@^0.6.0":
  version "0.6.1"
  resolved "https://domoreexp.pkgs.visualstudio.com/_packaging/npm-mirror/npm/registry/@wry/context/-/context-0.6.1.tgz#c3c29c0ad622adb00f6a53303c4f965ee06ebeb2"
  integrity sha1-w8KcCtYirbAPalMwPE+WXuBuvrI=
  dependencies:
    tslib "^2.3.0"

"@wry/context@^0.7.0":
  version "0.7.0"
  resolved "https://domoreexp.pkgs.visualstudio.com/_packaging/npm-mirror/npm/registry/@wry/context/-/context-0.7.0.tgz#be88e22c0ddf62aeb0ae9f95c3d90932c619a5c8"
  integrity sha1-vojiLA3fYq6wrp+Vw9kJMsYZpcg=
  dependencies:
    tslib "^2.3.0"

"@wry/equality@^0.5.0":
  version "0.5.3"
  resolved "https://domoreexp.pkgs.visualstudio.com/_packaging/npm-mirror/npm/registry/@wry/equality/-/equality-0.5.3.tgz#fafebc69561aa2d40340da89fa7dc4b1f6fb7831"
  integrity sha1-+v68aVYaotQDQNqJ+n3Esfb7eDE=
  dependencies:
    tslib "^2.3.0"

"@wry/trie@^0.3.0":
  version "0.3.2"
  resolved "https://domoreexp.pkgs.visualstudio.com/_packaging/npm-mirror/npm/registry/@wry/trie/-/trie-0.3.2.tgz#a06f235dc184bd26396ba456711f69f8c35097e6"
  integrity sha1-oG8jXcGEvSY5a6RWcR9p+MNQl+Y=
  dependencies:
    tslib "^2.3.0"

csstype@^3.0.2:
  version "3.1.2"
  resolved "https://domoreexp.pkgs.visualstudio.com/_packaging/npm-mirror/npm/registry/csstype/-/csstype-3.1.2.tgz#1d4bf9d572f11c14031f0436e1c10bc1f571f50b"
  integrity sha1-HUv51XLxHBQDHwQ24cELwfVx9Qs=

esbuild@^0.17.5:
  version "0.17.16"
  resolved "https://domoreexp.pkgs.visualstudio.com/_packaging/npm-mirror/npm/registry/esbuild/-/esbuild-0.17.16.tgz#5efec24a8ff29e0c157359f27e1b5532a728b720"
  integrity sha1-Xv7CSo/yngwVc1nyfhtVMqcotyA=
  optionalDependencies:
    "@esbuild/android-arm" "0.17.16"
    "@esbuild/android-arm64" "0.17.16"
    "@esbuild/android-x64" "0.17.16"
    "@esbuild/darwin-arm64" "0.17.16"
    "@esbuild/darwin-x64" "0.17.16"
    "@esbuild/freebsd-arm64" "0.17.16"
    "@esbuild/freebsd-x64" "0.17.16"
    "@esbuild/linux-arm" "0.17.16"
    "@esbuild/linux-arm64" "0.17.16"
    "@esbuild/linux-ia32" "0.17.16"
    "@esbuild/linux-loong64" "0.17.16"
    "@esbuild/linux-mips64el" "0.17.16"
    "@esbuild/linux-ppc64" "0.17.16"
    "@esbuild/linux-riscv64" "0.17.16"
    "@esbuild/linux-s390x" "0.17.16"
    "@esbuild/linux-x64" "0.17.16"
    "@esbuild/netbsd-x64" "0.17.16"
    "@esbuild/openbsd-x64" "0.17.16"
    "@esbuild/sunos-x64" "0.17.16"
    "@esbuild/win32-arm64" "0.17.16"
    "@esbuild/win32-ia32" "0.17.16"
    "@esbuild/win32-x64" "0.17.16"

fast-json-stable-stringify@^2.1.0:
  version "2.1.0"
  resolved "https://domoreexp.pkgs.visualstudio.com/_packaging/npm-mirror/npm/registry/fast-json-stable-stringify/-/fast-json-stable-stringify-2.1.0.tgz#874bf69c6f404c2b5d99c481341399fd55892633"
  integrity sha1-h0v2nG9ATCtdmcSBNBOZ/VWJJjM=

fsevents@~2.3.2:
  version "2.3.2"
  resolved "https://domoreexp.pkgs.visualstudio.com/_packaging/npm-mirror/npm/registry/fsevents/-/fsevents-2.3.2.tgz#8a526f78b8fdf4623b709e0b975c52c24c02fd1a"
  integrity sha1-ilJveLj99GI7cJ4Ll1xSwkwC/Ro=

function-bind@^1.1.1:
  version "1.1.1"
  resolved "https://domoreexp.pkgs.visualstudio.com/_packaging/npm-mirror/npm/registry/function-bind/-/function-bind-1.1.1.tgz#a56899d3ea3c9bab874bb9773b7c5ede92f4895d"
  integrity sha1-pWiZ0+o8m6uHS7l3O3xe3pL0iV0=

graphql-tag@^2.12.6:
  version "2.12.6"
  resolved "https://domoreexp.pkgs.visualstudio.com/_packaging/npm-mirror/npm/registry/graphql-tag/-/graphql-tag-2.12.6.tgz#d441a569c1d2537ef10ca3d1633b48725329b5f1"
  integrity sha1-1EGlacHSU37xDKPRYztIclMptfE=
  dependencies:
    tslib "^2.1.0"

graphql-tools@^8.3.19:
  version "8.3.19"
  resolved "https://domoreexp.pkgs.visualstudio.com/_packaging/npm-mirror/npm/registry/graphql-tools/-/graphql-tools-8.3.19.tgz#f1a924d1f9ccdf56981e78ebb1d393b0f2e54dab"
  integrity sha1-8akk0fnM31aYHnjrsdOTsPLlTas=
  dependencies:
    "@graphql-tools/schema" "9.0.17"
    tslib "^2.4.0"
  optionalDependencies:
    "@apollo/client" "~3.2.5 || ~3.3.0 || ~3.4.0 || ~3.5.0 || ~3.6.0 || ~3.7.0"

graphql@^16.6.0:
  version "16.6.0"
  resolved "https://domoreexp.pkgs.visualstudio.com/_packaging/npm-mirror/npm/registry/graphql/-/graphql-16.6.0.tgz#c2dcffa4649db149f6282af726c8c83f1c7c5fdb"
  integrity sha1-wtz/pGSdsUn2KCr3JsjIPxx8X9s=

has@^1.0.3:
  version "1.0.3"
  resolved "https://domoreexp.pkgs.visualstudio.com/_packaging/npm-mirror/npm/registry/has/-/has-1.0.3.tgz#722d7cbfc1f6aa8241f16dd814e011e1f41e8796"
  integrity sha1-ci18v8H2qoJB8W3YFOAR4fQeh5Y=
  dependencies:
    function-bind "^1.1.1"

hoist-non-react-statics@^3.3.2:
  version "3.3.2"
  resolved "https://domoreexp.pkgs.visualstudio.com/_packaging/npm-mirror/npm/registry/hoist-non-react-statics/-/hoist-non-react-statics-3.3.2.tgz#ece0acaf71d62c2969c2ec59feff42a4b1a85b45"
  integrity sha1-7OCsr3HWLClpwuxZ/v9CpLGoW0U=
  dependencies:
    react-is "^16.7.0"

is-core-module@^2.11.0:
  version "2.12.0"
  resolved "https://domoreexp.pkgs.visualstudio.com/_packaging/npm-mirror/npm/registry/is-core-module/-/is-core-module-2.12.0.tgz#36ad62f6f73c8253fd6472517a12483cf03e7ec4"
  integrity sha1-Nq1i9vc8glP9ZHJRehJIPPA+fsQ=
  dependencies:
    has "^1.0.3"

"js-tokens@^3.0.0 || ^4.0.0":
  version "4.0.0"
  resolved "https://domoreexp.pkgs.visualstudio.com/_packaging/npm-mirror/npm/registry/js-tokens/-/js-tokens-4.0.0.tgz#19203fb59991df98e3a287050d4647cdeaf32499"
  integrity sha1-GSA/tZmR35jjoocFDUZHzerzJJk=

loose-envify@^1.1.0, loose-envify@^1.4.0:
  version "1.4.0"
  resolved "https://domoreexp.pkgs.visualstudio.com/_packaging/npm-mirror/npm/registry/loose-envify/-/loose-envify-1.4.0.tgz#71ee51fa7be4caec1a63839f7e682d8132d30caf"
  integrity sha1-ce5R+nvkyuwaY4OffmgtgTLTDK8=
  dependencies:
    js-tokens "^3.0.0 || ^4.0.0"

nanoid@^3.3.4:
  version "3.3.6"
  resolved "https://domoreexp.pkgs.visualstudio.com/_packaging/npm-mirror/npm/registry/nanoid/-/nanoid-3.3.6.tgz#443380c856d6e9f9824267d960b4236ad583ea4c"
  integrity sha1-RDOAyFbW6fmCQmfZYLQjatWD6kw=

object-assign@^4.1.1:
  version "4.1.1"
  resolved "https://domoreexp.pkgs.visualstudio.com/_packaging/npm-mirror/npm/registry/object-assign/-/object-assign-4.1.1.tgz#2109adc7965887cfc05cbbd442cac8bfbb360863"
  integrity sha1-IQmtx5ZYh8/AXLvUQsrIv7s2CGM=

optimism@^0.16.1:
  version "0.16.2"
  resolved "https://domoreexp.pkgs.visualstudio.com/_packaging/npm-mirror/npm/registry/optimism/-/optimism-0.16.2.tgz#519b0c78b3b30954baed0defe5143de7776bf081"
  integrity sha1-UZsMeLOzCVS67Q3v5RQ953dr8IE=
  dependencies:
    "@wry/context" "^0.7.0"
    "@wry/trie" "^0.3.0"

path-parse@^1.0.7:
  version "1.0.7"
  resolved "https://domoreexp.pkgs.visualstudio.com/_packaging/npm-mirror/npm/registry/path-parse/-/path-parse-1.0.7.tgz#fbc114b60ca42b30d9daf5858e4bd68bbedb6735"
  integrity sha1-+8EUtgykKzDZ2vWFjkvWi77bZzU=

picocolors@^1.0.0:
  version "1.0.0"
  resolved "https://domoreexp.pkgs.visualstudio.com/_packaging/npm-mirror/npm/registry/picocolors/-/picocolors-1.0.0.tgz#cb5bdc74ff3f51892236eaf79d68bc44564ab81c"
  integrity sha1-y1vcdP8/UYkiNur3nWi8RFZKuBw=

postcss@^8.4.21:
  version "8.4.21"
  resolved "https://domoreexp.pkgs.visualstudio.com/_packaging/npm-mirror/npm/registry/postcss/-/postcss-8.4.21.tgz#c639b719a57efc3187b13a1d765675485f4134f4"
  integrity sha1-xjm3GaV+/DGHsToddlZ1SF9BNPQ=
  dependencies:
    nanoid "^3.3.4"
    picocolors "^1.0.0"
    source-map-js "^1.0.2"

prop-types@^15.7.2:
  version "15.8.1"
  resolved "https://domoreexp.pkgs.visualstudio.com/_packaging/npm-mirror/npm/registry/prop-types/-/prop-types-15.8.1.tgz#67d87bf1a694f48435cf332c24af10214a3140b5"
  integrity sha1-Z9h78aaU9IQ1zzMsJK8QIUoxQLU=
  dependencies:
    loose-envify "^1.4.0"
    object-assign "^4.1.1"
    react-is "^16.13.1"

react-dom@^18.2.0:
  version "18.2.0"
  resolved "https://domoreexp.pkgs.visualstudio.com/_packaging/npm-mirror/npm/registry/react-dom/-/react-dom-18.2.0.tgz#22aaf38708db2674ed9ada224ca4aa708d821e3d"
  integrity sha1-IqrzhwjbJnTtmtoiTKSqcI2CHj0=
  dependencies:
    loose-envify "^1.1.0"
    scheduler "^0.23.0"

react-is@^16.13.1, react-is@^16.7.0:
  version "16.13.1"
  resolved "https://domoreexp.pkgs.visualstudio.com/_packaging/npm-mirror/npm/registry/react-is/-/react-is-16.13.1.tgz#789729a4dc36de2999dc156dd6c1d9c18cea56a4"
  integrity sha1-eJcppNw23imZ3BVt1sHZwYzqVqQ=

react@^18.2.0:
  version "18.2.0"
  resolved "https://domoreexp.pkgs.visualstudio.com/_packaging/npm-mirror/npm/registry/react/-/react-18.2.0.tgz#555bd98592883255fa00de14f1151a917b5d77d5"
  integrity sha1-VVvZhZKIMlX6AN4U8RUakXtdd9U=
  dependencies:
    loose-envify "^1.1.0"

resolve@^1.22.1:
  version "1.22.2"
  resolved "https://domoreexp.pkgs.visualstudio.com/_packaging/npm-mirror/npm/registry/resolve/-/resolve-1.22.2.tgz#0ed0943d4e301867955766c9f3e1ae6d01c6845f"
  integrity sha1-DtCUPU4wGGeVV2bJ8+GubQHGhF8=
  dependencies:
    is-core-module "^2.11.0"
    path-parse "^1.0.7"
    supports-preserve-symlinks-flag "^1.0.0"

rollup@^3.18.0:
  version "3.20.2"
  resolved "https://domoreexp.pkgs.visualstudio.com/_packaging/npm-mirror/npm/registry/rollup/-/rollup-3.20.2.tgz#f798c600317f216de2e4ad9f4d9ab30a89b690ff"
  integrity sha1-95jGADF/IW3i5K2fTZqzCom2kP8=
  optionalDependencies:
    fsevents "~2.3.2"

scheduler@^0.23.0:
  version "0.23.0"
  resolved "https://domoreexp.pkgs.visualstudio.com/_packaging/npm-mirror/npm/registry/scheduler/-/scheduler-0.23.0.tgz#ba8041afc3d30eb206a487b6b384002e4e61fdfe"
  integrity sha1-uoBBr8PTDrIGpIe2s4QALk5h/f4=
  dependencies:
    loose-envify "^1.1.0"

source-map-js@^1.0.2:
  version "1.0.2"
  resolved "https://domoreexp.pkgs.visualstudio.com/_packaging/npm-mirror/npm/registry/source-map-js/-/source-map-js-1.0.2.tgz#adbc361d9c62df380125e7f161f71c826f1e490c"
  integrity sha1-rbw2HZxi3zgBJefxYfccgm8eSQw=

supports-preserve-symlinks-flag@^1.0.0:
  version "1.0.0"
  resolved "https://domoreexp.pkgs.visualstudio.com/_packaging/npm-mirror/npm/registry/supports-preserve-symlinks-flag/-/supports-preserve-symlinks-flag-1.0.0.tgz#6eda4bd344a3c94aea376d4cc31bc77311039e09"
  integrity sha1-btpL00SjyUrqN21MwxvHcxEDngk=

symbol-observable@^4.0.0:
  version "4.0.0"
  resolved "https://domoreexp.pkgs.visualstudio.com/_packaging/npm-mirror/npm/registry/symbol-observable/-/symbol-observable-4.0.0.tgz#5b425f192279e87f2f9b937ac8540d1984b39205"
  integrity sha1-W0JfGSJ56H8vm5N6yFQNGYSzkgU=

ts-invariant@^0.10.3:
  version "0.10.3"
  resolved "https://domoreexp.pkgs.visualstudio.com/_packaging/npm-mirror/npm/registry/ts-invariant/-/ts-invariant-0.10.3.tgz#3e048ff96e91459ffca01304dbc7f61c1f642f6c"
  integrity sha1-PgSP+W6RRZ/8oBME28f2HB9kL2w=
  dependencies:
    tslib "^2.1.0"

tslib@^2.1.0, tslib@^2.3.0, tslib@^2.4.0:
  version "2.5.0"
  resolved "https://domoreexp.pkgs.visualstudio.com/_packaging/npm-mirror/npm/registry/tslib/-/tslib-2.5.0.tgz#42bfed86f5787aeb41d031866c8f402429e0fddf"
  integrity sha1-Qr/thvV4eutB0DGGbI9AJCng/d8=

typescript@^4.9.3:
  version "4.9.5"
  resolved "https://domoreexp.pkgs.visualstudio.com/_packaging/npm-mirror/npm/registry/typescript/-/typescript-4.9.5.tgz#095979f9bcc0d09da324d58d03ce8f8374cbe65a"
  integrity sha1-CVl5+bzA0J2jJNWNA86Pg3TL5lo=

value-or-promise@1.0.12:
  version "1.0.12"
  resolved "https://domoreexp.pkgs.visualstudio.com/_packaging/npm-mirror/npm/registry/value-or-promise/-/value-or-promise-1.0.12.tgz#0e5abfeec70148c78460a849f6b003ea7986f15c"
  integrity sha1-Dlq/7scBSMeEYKhJ9rAD6nmG8Vw=

vite@^4.2.0:
  version "4.2.1"
  resolved "https://domoreexp.pkgs.visualstudio.com/_packaging/npm-mirror/npm/registry/vite/-/vite-4.2.1.tgz#6c2eb337b0dfd80a9ded5922163b94949d7fc254"
  integrity sha1-bC6zN7Df2Aqd7VkiFjuUlJ1/wlQ=
  dependencies:
    esbuild "^0.17.5"
    postcss "^8.4.21"
    resolve "^1.22.1"
    rollup "^3.18.0"
  optionalDependencies:
    fsevents "~2.3.2"

zen-observable-ts@^1.2.5:
  version "1.2.5"
  resolved "https://domoreexp.pkgs.visualstudio.com/_packaging/npm-mirror/npm/registry/zen-observable-ts/-/zen-observable-ts-1.2.5.tgz#6c6d9ea3d3a842812c6e9519209365a122ba8b58"
  integrity sha1-bG2eo9OoQoEsbpUZIJNloSK6i1g=
  dependencies:
    zen-observable "0.8.15"

zen-observable@0.8.15:
  version "0.8.15"
  resolved "https://domoreexp.pkgs.visualstudio.com/_packaging/npm-mirror/npm/registry/zen-observable/-/zen-observable-0.8.15.tgz#96415c512d8e3ffd920afd3889604e30b9eaac15"
  integrity sha1-lkFcUS2OP/2SCv04iWBOMLnqrBU=
